
Microsoft Visual Studio Solution File, Format Version 12.00
# Visual Studio Version 17
VisualStudioVersion = 17.9.34723.18
MinimumVisualStudioVersion = 10.0.40219.1
Project("{2150E333-8FDC-42A3-9474-1A3956D46DE8}") = "1_3_ClassMembers", "1_3_ClassMembers", "{FB41FBD5-0659-4F22-8BEE-015A51E6AC46}"
EndProject
Project("{9A19103F-16F7-4668-BE54-9A1E7A4F7556}") = "ConsoleApp2", "1_3_ClassMembers\ConsoleApp2\ConsoleApp2.csproj", "{A97698FA-669A-41AC-9567-B93CF19D9903}"
EndProject
Project("{2150E333-8FDC-42A3-9474-1A3956D46DE8}") = "1_2_ClassKavrami", "1_2_ClassKavrami", "{A4C33D59-F405-48A1-8548-E293DCD08CB6}"
EndProject
Project("{9A19103F-16F7-4668-BE54-9A1E7A4F7556}") = "ConsoleApp1", "1_2_ClassKavrami\ConsoleApp1\ConsoleApp1.csproj", "{E6017E64-3782-4CD2-ADD7-46D7963F5242}"
EndProject
Project("{2150E333-8FDC-42A3-9474-1A3956D46DE8}") = "1_4_ClassSon", "1_4_ClassSon", "{53B978F6-8F9E-447E-8903-49E3D3034C9C}"
EndProject
Project("{9A19103F-16F7-4668-BE54-9A1E7A4F7556}") = "ConsoleApp3", "1_4_ClassSon\ConsoleApp3\ConsoleApp3.csproj", "{4DD60E06-2B39-4FAD-A687-892506DC8924}"
EndProject
Project("{2150E333-8FDC-42A3-9474-1A3956D46DE8}") = "1_5_thisKeyword", "1_5_thisKeyword", "{DFE91467-822C-48D2-ABE3-9DB86D817A2A}"
EndProject
Project("{9A19103F-16F7-4668-BE54-9A1E7A4F7556}") = "ConsoleApp4", "1_5_thisKeyword\ConsoleApp4\ConsoleApp4.csproj", "{ED33E1FA-1163-4A73-A6D1-D5F08CBE3A14}"
EndProject
Project("{2150E333-8FDC-42A3-9474-1A3956D46DE8}") = "1_6_NesneKavrami", "1_6_NesneKavrami", "{61568B81-EF9D-492C-AC18-75134B7F4A42}"
EndProject
Project("{9A19103F-16F7-4668-BE54-9A1E7A4F7556}") = "ConsoleApp5", "1_6_NesneKavrami\ConsoleApp5\ConsoleApp5.csproj", "{E2CC203A-2960-4721-9C21-A219013622BE}"
EndProject
Project("{2150E333-8FDC-42A3-9474-1A3956D46DE8}") = "1_7_ReferansNesneIliskisi", "1_7_ReferansNesneIliskisi", "{DE97A39F-ED8B-45DA-AF60-543E5D17D906}"
EndProject
Project("{9A19103F-16F7-4668-BE54-9A1E7A4F7556}") = "ConsoleApp6", "1_7_ReferansNesneIliskisi\ConsoleApp6\ConsoleApp6.csproj", "{37286F1C-5FDE-43DB-A9D3-674B6E5AB53E}"
EndProject
Project("{2150E333-8FDC-42A3-9474-1A3956D46DE8}") = "1_8_NesneKopyalama", "1_8_NesneKopyalama", "{364EB1F2-765C-4707-9F8F-62DB9A2E8D00}"
EndProject
Project("{9A19103F-16F7-4668-BE54-9A1E7A4F7556}") = "ConsoleApp7", "1_8_NesneKopyalama\ConsoleApp7\ConsoleApp7.csproj", "{C6119F8F-1BF1-4483-B710-A26BD50FC067}"
EndProject
Project("{2150E333-8FDC-42A3-9474-1A3956D46DE8}") = "1_9_Encapsulation", "1_9_Encapsulation", "{597D2BB3-30DD-4BEF-9C12-3A3A8595E484}"
EndProject
Project("{9A19103F-16F7-4668-BE54-9A1E7A4F7556}") = "ConsoleApp8", "1_9_Encapsulation\ConsoleApp8\ConsoleApp8.csproj", "{C56443B3-6F2A-4C8B-B6E5-EF7B29794304}"
EndProject
Project("{2150E333-8FDC-42A3-9474-1A3956D46DE8}") = "1_10_Record", "1_10_Record", "{A0B689B7-4D2B-42EC-A2FB-5AE481F3B262}"
EndProject
Project("{9A19103F-16F7-4668-BE54-9A1E7A4F7556}") = "ConsoleApp9", "1_10_Record\ConsoleApp9\ConsoleApp9.csproj", "{AB12C7FE-8EDF-4AB6-B584-D6CDD4ED9667}"
EndProject
Project("{2150E333-8FDC-42A3-9474-1A3956D46DE8}") = "1_11_Constructor", "1_11_Constructor", "{4B084754-47C4-4551-AF4E-99E81688C2EE}"
EndProject
Project("{9A19103F-16F7-4668-BE54-9A1E7A4F7556}") = "ConsoleApp10", "1_11_Constructor\ConsoleApp10\ConsoleApp10.csproj", "{5044CABE-DCFB-4E3A-A240-830A51EBC16D}"
EndProject
Project("{2150E333-8FDC-42A3-9474-1A3956D46DE8}") = "1_12_Destructor", "1_12_Destructor", "{CB68F05D-BC2F-41E3-803B-2CC32CDBDE48}"
EndProject
Project("{9A19103F-16F7-4668-BE54-9A1E7A4F7556}") = "ConsoleApp11", "1_12_Destructor\ConsoleApp11\ConsoleApp11.csproj", "{34450947-97AE-47D0-BAEA-846DDF04B933}"
EndProject
Project("{2150E333-8FDC-42A3-9474-1A3956D46DE8}") = "1_13_Deconstruct", "1_13_Deconstruct", "{7A14726B-0AC2-4DBF-B556-AB315C64AA6C}"
EndProject
Project("{9A19103F-16F7-4668-BE54-9A1E7A4F7556}") = "ConsoleApp12", "1_13_Deconstruct\ConsoleApp12\ConsoleApp12.csproj", "{E5488930-AA03-4D6A-84CE-E05297C72C50}"
EndProject
Project("{2150E333-8FDC-42A3-9474-1A3956D46DE8}") = "1_14_StaticConstructor", "1_14_StaticConstructor", "{69A40E99-98B7-4D74-B18E-2BAD7D76FF82}"
EndProject
Project("{FAE04EC0-301F-11D3-BF4B-00C04F79EFBC}") = "ConsoleApp13", "1_14_StaticConstructor\ConsoleApp13\ConsoleApp13.csproj", "{BBB14316-F9FA-4C1F-A967-D74C53B75A26}"
EndProject
Project("{2150E333-8FDC-42A3-9474-1A3956D46DE8}") = "1_15_PositionalRecord", "1_15_PositionalRecord", "{43183066-BF95-4F5A-B814-4405E07AFB3D}"
EndProject
Project("{FAE04EC0-301F-11D3-BF4B-00C04F79EFBC}") = "ConsoleApp14", "1_15_PositionalRecord\ConsoleApp14\ConsoleApp14.csproj", "{99FD49E3-3954-4FD2-A17D-8D6B7130E47B}"
EndProject
Global
	GlobalSection(SolutionConfigurationPlatforms) = preSolution
		Debug|Any CPU = Debug|Any CPU
		Release|Any CPU = Release|Any CPU
	EndGlobalSection
	GlobalSection(ProjectConfigurationPlatforms) = postSolution
		{A97698FA-669A-41AC-9567-B93CF19D9903}.Debug|Any CPU.ActiveCfg = Debug|Any CPU
		{A97698FA-669A-41AC-9567-B93CF19D9903}.Debug|Any CPU.Build.0 = Debug|Any CPU
		{A97698FA-669A-41AC-9567-B93CF19D9903}.Release|Any CPU.ActiveCfg = Release|Any CPU
		{A97698FA-669A-41AC-9567-B93CF19D9903}.Release|Any CPU.Build.0 = Release|Any CPU
		{E6017E64-3782-4CD2-ADD7-46D7963F5242}.Debug|Any CPU.ActiveCfg = Debug|Any CPU
		{E6017E64-3782-4CD2-ADD7-46D7963F5242}.Debug|Any CPU.Build.0 = Debug|Any CPU
		{E6017E64-3782-4CD2-ADD7-46D7963F5242}.Release|Any CPU.ActiveCfg = Release|Any CPU
		{E6017E64-3782-4CD2-ADD7-46D7963F5242}.Release|Any CPU.Build.0 = Release|Any CPU
		{4DD60E06-2B39-4FAD-A687-892506DC8924}.Debug|Any CPU.ActiveCfg = Debug|Any CPU
		{4DD60E06-2B39-4FAD-A687-892506DC8924}.Debug|Any CPU.Build.0 = Debug|Any CPU
		{4DD60E06-2B39-4FAD-A687-892506DC8924}.Release|Any CPU.ActiveCfg = Release|Any CPU
		{4DD60E06-2B39-4FAD-A687-892506DC8924}.Release|Any CPU.Build.0 = Release|Any CPU
		{ED33E1FA-1163-4A73-A6D1-D5F08CBE3A14}.Debug|Any CPU.ActiveCfg = Debug|Any CPU
		{ED33E1FA-1163-4A73-A6D1-D5F08CBE3A14}.Debug|Any CPU.Build.0 = Debug|Any CPU
		{ED33E1FA-1163-4A73-A6D1-D5F08CBE3A14}.Release|Any CPU.ActiveCfg = Release|Any CPU
		{ED33E1FA-1163-4A73-A6D1-D5F08CBE3A14}.Release|Any CPU.Build.0 = Release|Any CPU
		{E2CC203A-2960-4721-9C21-A219013622BE}.Debug|Any CPU.ActiveCfg = Debug|Any CPU
		{E2CC203A-2960-4721-9C21-A219013622BE}.Debug|Any CPU.Build.0 = Debug|Any CPU
		{E2CC203A-2960-4721-9C21-A219013622BE}.Release|Any CPU.ActiveCfg = Release|Any CPU
		{E2CC203A-2960-4721-9C21-A219013622BE}.Release|Any CPU.Build.0 = Release|Any CPU
		{37286F1C-5FDE-43DB-A9D3-674B6E5AB53E}.Debug|Any CPU.ActiveCfg = Debug|Any CPU
		{37286F1C-5FDE-43DB-A9D3-674B6E5AB53E}.Debug|Any CPU.Build.0 = Debug|Any CPU
		{37286F1C-5FDE-43DB-A9D3-674B6E5AB53E}.Release|Any CPU.ActiveCfg = Release|Any CPU
		{37286F1C-5FDE-43DB-A9D3-674B6E5AB53E}.Release|Any CPU.Build.0 = Release|Any CPU
		{C6119F8F-1BF1-4483-B710-A26BD50FC067}.Debug|Any CPU.ActiveCfg = Debug|Any CPU
		{C6119F8F-1BF1-4483-B710-A26BD50FC067}.Debug|Any CPU.Build.0 = Debug|Any CPU
		{C6119F8F-1BF1-4483-B710-A26BD50FC067}.Release|Any CPU.ActiveCfg = Release|Any CPU
		{C6119F8F-1BF1-4483-B710-A26BD50FC067}.Release|Any CPU.Build.0 = Release|Any CPU
		{C56443B3-6F2A-4C8B-B6E5-EF7B29794304}.Debug|Any CPU.ActiveCfg = Debug|Any CPU
		{C56443B3-6F2A-4C8B-B6E5-EF7B29794304}.Debug|Any CPU.Build.0 = Debug|Any CPU
		{C56443B3-6F2A-4C8B-B6E5-EF7B29794304}.Release|Any CPU.ActiveCfg = Release|Any CPU
		{C56443B3-6F2A-4C8B-B6E5-EF7B29794304}.Release|Any CPU.Build.0 = Release|Any CPU
		{AB12C7FE-8EDF-4AB6-B584-D6CDD4ED9667}.Debug|Any CPU.ActiveCfg = Debug|Any CPU
		{AB12C7FE-8EDF-4AB6-B584-D6CDD4ED9667}.Debug|Any CPU.Build.0 = Debug|Any CPU
		{AB12C7FE-8EDF-4AB6-B584-D6CDD4ED9667}.Release|Any CPU.ActiveCfg = Release|Any CPU
		{AB12C7FE-8EDF-4AB6-B584-D6CDD4ED9667}.Release|Any CPU.Build.0 = Release|Any CPU
		{5044CABE-DCFB-4E3A-A240-830A51EBC16D}.Debug|Any CPU.ActiveCfg = Debug|Any CPU
		{5044CABE-DCFB-4E3A-A240-830A51EBC16D}.Debug|Any CPU.Build.0 = Debug|Any CPU
		{5044CABE-DCFB-4E3A-A240-830A51EBC16D}.Release|Any CPU.ActiveCfg = Release|Any CPU
		{5044CABE-DCFB-4E3A-A240-830A51EBC16D}.Release|Any CPU.Build.0 = Release|Any CPU
		{34450947-97AE-47D0-BAEA-846DDF04B933}.Debug|Any CPU.ActiveCfg = Debug|Any CPU
		{34450947-97AE-47D0-BAEA-846DDF04B933}.Debug|Any CPU.Build.0 = Debug|Any CPU
		{34450947-97AE-47D0-BAEA-846DDF04B933}.Release|Any CPU.ActiveCfg = Release|Any CPU
		{34450947-97AE-47D0-BAEA-846DDF04B933}.Release|Any CPU.Build.0 = Release|Any CPU
		{E5488930-AA03-4D6A-84CE-E05297C72C50}.Debug|Any CPU.ActiveCfg = Debug|Any CPU
		{E5488930-AA03-4D6A-84CE-E05297C72C50}.Debug|Any CPU.Build.0 = Debug|Any CPU
		{E5488930-AA03-4D6A-84CE-E05297C72C50}.Release|Any CPU.ActiveCfg = Release|Any CPU
		{E5488930-AA03-4D6A-84CE-E05297C72C50}.Release|Any CPU.Build.0 = Release|Any CPU
		{BBB14316-F9FA-4C1F-A967-D74C53B75A26}.Debug|Any CPU.ActiveCfg = Debug|Any CPU
		{BBB14316-F9FA-4C1F-A967-D74C53B75A26}.Debug|Any CPU.Build.0 = Debug|Any CPU
		{BBB14316-F9FA-4C1F-A967-D74C53B75A26}.Release|Any CPU.ActiveCfg = Release|Any CPU
		{BBB14316-F9FA-4C1F-A967-D74C53B75A26}.Release|Any CPU.Build.0 = Release|Any CPU
		{99FD49E3-3954-4FD2-A17D-8D6B7130E47B}.Debug|Any CPU.ActiveCfg = Debug|Any CPU
		{99FD49E3-3954-4FD2-A17D-8D6B7130E47B}.Debug|Any CPU.Build.0 = Debug|Any CPU
		{99FD49E3-3954-4FD2-A17D-8D6B7130E47B}.Release|Any CPU.ActiveCfg = Release|Any CPU
		{99FD49E3-3954-4FD2-A17D-8D6B7130E47B}.Release|Any CPU.Build.0 = Release|Any CPU
	EndGlobalSection
	GlobalSection(SolutionProperties) = preSolution
		HideSolutionNode = FALSE
	EndGlobalSection
	GlobalSection(NestedProjects) = preSolution
		{A97698FA-669A-41AC-9567-B93CF19D9903} = {FB41FBD5-0659-4F22-8BEE-015A51E6AC46}
		{E6017E64-3782-4CD2-ADD7-46D7963F5242} = {A4C33D59-F405-48A1-8548-E293DCD08CB6}
		{4DD60E06-2B39-4FAD-A687-892506DC8924} = {53B978F6-8F9E-447E-8903-49E3D3034C9C}
		{ED33E1FA-1163-4A73-A6D1-D5F08CBE3A14} = {DFE91467-822C-48D2-ABE3-9DB86D817A2A}
		{E2CC203A-2960-4721-9C21-A219013622BE} = {61568B81-EF9D-492C-AC18-75134B7F4A42}
		{37286F1C-5FDE-43DB-A9D3-674B6E5AB53E} = {DE97A39F-ED8B-45DA-AF60-543E5D17D906}
		{C6119F8F-1BF1-4483-B710-A26BD50FC067} = {364EB1F2-765C-4707-9F8F-62DB9A2E8D00}
		{C56443B3-6F2A-4C8B-B6E5-EF7B29794304} = {597D2BB3-30DD-4BEF-9C12-3A3A8595E484}
		{AB12C7FE-8EDF-4AB6-B584-D6CDD4ED9667} = {A0B689B7-4D2B-42EC-A2FB-5AE481F3B262}
		{5044CABE-DCFB-4E3A-A240-830A51EBC16D} = {4B084754-47C4-4551-AF4E-99E81688C2EE}
		{34450947-97AE-47D0-BAEA-846DDF04B933} = {CB68F05D-BC2F-41E3-803B-2CC32CDBDE48}
		{E5488930-AA03-4D6A-84CE-E05297C72C50} = {7A14726B-0AC2-4DBF-B556-AB315C64AA6C}
		{BBB14316-F9FA-4C1F-A967-D74C53B75A26} = {69A40E99-98B7-4D74-B18E-2BAD7D76FF82}
		{99FD49E3-3954-4FD2-A17D-8D6B7130E47B} = {43183066-BF95-4F5A-B814-4405E07AFB3D}
	EndGlobalSection
	GlobalSection(ExtensibilityGlobals) = postSolution
		SolutionGuid = {A54EB7E9-173B-4555-9740-CBFA9B70EBE5}
	EndGlobalSection
EndGlobal
